{
  "name": "themetastars-reveal",
  "version": "1.0.0",
  "lockfileVersion": 2,
  "requires": true,
  "packages": {
    "": {
      "name": "themetastars-reveal",
      "version": "1.0.0",
      "license": "MIT",
      "dependencies": {
        "@provably-fair/shuffle": "^0.1.0",
        "sha256": "^0.2.0",
        "shuffle-seed": "^1.1.6"
      }
    },
    "node_modules/@provably-fair/core": {
      "version": "0.2.0",
      "resolved": "https://registry.npmjs.org/@provably-fair/core/-/core-0.2.0.tgz",
      "integrity": "sha1-6gidN4GFU8ovUORz3xeEddaCB1o="
    },
    "node_modules/@provably-fair/shuffle": {
      "version": "0.1.0",
      "resolved": "https://registry.npmjs.org/@provably-fair/shuffle/-/shuffle-0.1.0.tgz",
      "integrity": "sha1-0ZWi4hdiLIBIuMpgERraUxtwB3o=",
      "dependencies": {
        "@provably-fair/core": "^0.2.0"
      }
    },
    "node_modules/convert-hex": {
      "version": "0.1.0",
      "resolved": "https://registry.npmjs.org/convert-hex/-/convert-hex-0.1.0.tgz",
      "integrity": "sha1-CMBFaJIsJ3drii6BqV05M2LqC2U="
    },
    "node_modules/convert-string": {
      "version": "0.1.0",
      "resolved": "https://registry.npmjs.org/convert-string/-/convert-string-0.1.0.tgz",
      "integrity": "sha1-ec5BqbsNA7z3LNxqjzxW+7xkQQo="
    },
    "node_modules/seedrandom": {
      "version": "2.4.4",
      "resolved": "https://registry.npmjs.org/seedrandom/-/seedrandom-2.4.4.tgz",
      "integrity": "sha512-9A+PDmgm+2du77B5i0Ip2cxOqqHjgNxnBgglxLcX78A2D6c2rTo61z4jnVABpF4cKeDMDG+cmXXvdnqse2VqMA=="
    },
    "node_modules/sha256": {
      "version": "0.2.0",
      "resolved": "https://registry.npmjs.org/sha256/-/sha256-0.2.0.tgz",
      "integrity": "sha1-c6C0GNqrcDW/+G6EkeNjQS/CqwU=",
      "dependencies": {
        "convert-hex": "~0.1.0",
        "convert-string": "~0.1.0"
      }
    },
    "node_modules/shuffle-seed": {
      "version": "1.1.6",
      "resolved": "https://registry.npmjs.org/shuffle-seed/-/shuffle-seed-1.1.6.tgz",
      "integrity": "sha1-UzwSaDurO0+j6HUfxOViFGdEJgs=",
      "dependencies": {
        "seedrandom": "^2.4.2"
      }
    }
  },
  "dependencies": {
    "@provably-fair/core": {
      "version": "0.2.0",
      "resolved": "https://registry.npmjs.org/@provably-fair/core/-/core-0.2.0.tgz",
      "integrity": "sha1-6gidN4GFU8ovUORz3xeEddaCB1o="
    },
    "@provably-fair/shuffle": {
      "version": "0.1.0",
      "resolved": "https://registry.npmjs.org/@provably-fair/shuffle/-/shuffle-0.1.0.tgz",
      "integrity": "sha1-0ZWi4hdiLIBIuMpgERraUxtwB3o=",
      "requires": {
        "@provably-fair/core": "^0.2.0"
      }
    },
    "convert-hex": {
      "version": "0.1.0",
      "resolved": "https://registry.npmjs.org/convert-hex/-/convert-hex-0.1.0.tgz",
      "integrity": "sha1-CMBFaJIsJ3drii6BqV05M2LqC2U="
    },
    "convert-string": {
      "version": "0.1.0",
      "resolved": "https://registry.npmjs.org/convert-string/-/convert-string-0.1.0.tgz",
      "integrity": "sha1-ec5BqbsNA7z3LNxqjzxW+7xkQQo="
    },
    "seedrandom": {
      "version": "2.4.4",
      "resolved": "https://registry.npmjs.org/seedrandom/-/seedrandom-2.4.4.tgz",
      "integrity": "sha512-9A+PDmgm+2du77B5i0Ip2cxOqqHjgNxnBgglxLcX78A2D6c2rTo61z4jnVABpF4cKeDMDG+cmXXvdnqse2VqMA=="
    },
    "sha256": {
      "version": "0.2.0",
      "resolved": "https://registry.npmjs.org/sha256/-/sha256-0.2.0.tgz",
      "integrity": "sha1-c6C0GNqrcDW/+G6EkeNjQS/CqwU=",
      "requires": {
        "convert-hex": "~0.1.0",
        "convert-string": "~0.1.0"
      }
    },
    "shuffle-seed": {
      "version": "1.1.6",
      "resolved": "https://registry.npmjs.org/shuffle-seed/-/shuffle-seed-1.1.6.tgz",
      "integrity": "sha1-UzwSaDurO0+j6HUfxOViFGdEJgs=",
      "requires": {
        "seedrandom": "^2.4.2"
      }
    }
  }
}
